PODS:
  - Alamofire (5.4.1)
  - Koloda (5.0.1):
    - pop (~> 1.0)
  - lottie-ios (3.2.1)
  - pop (1.0.12)
  - SDWebImage (5.10.4):
    - SDWebImage/Core (= 5.10.4)
  - SDWebImage/Core (5.10.4)
  - SegementSlide (3.0.1)
  - SwiftVideoGenerator (1.4.0)
  - SwiftyCam (4.0.0)
  - SwiftyJSON (4.3.0)

DEPENDENCIES:
  - Alamofire (~> 5.2)
  - Koloda (~> 5.0.1)
  - lottie-ios
  - SDWebImage (~> 5.0)
  - SegementSlide
  - SwiftVideoGenerator
  - SwiftyCam
  - SwiftyJSON (~> 4.0)

SPEC REPOS:
  trunk:
    - Alamofire
    - Koloda
    - lottie-ios
    - pop
    - SDWebImage
    - SegementSlide
    - SwiftVideoGenerator
    - SwiftyCam
    - SwiftyJSON

SPEC CHECKSUMS:
  Alamofire: 2291f7d21ca607c491dd17642e5d40fdcda0e65c
  Koloda: d07b9199a383abc5898b62aa945a599f5e7c0c4b
  lottie-ios: 106e92eaf11fbed0a76590b4cdb9b5ec26123ff7
  pop: d582054913807fd11fd50bfe6a539d91c7e1a55a
  SDWebImage: c666b97e1fa9c64b4909816a903322018f0a9c84
  SegementSlide: 83b56ffb66b9c0edc4e4f2a74229309c62915db3
  SwiftVideoGenerator: 804637c18f68a4f205d806e305ebceb4adcf3d25
  SwiftyCam: 6e57914771d972fbe508e759dc9d0150a44a93fd
  SwiftyJSON: 6faa0040f8b59dead0ee07436cbf76b73c08fd08

PODFILE CHECKSUM: e0cc5f91f7a0346890056aefccde30048bd0b12c

COCOAPODS: 1.9.3
