// !$*UTF8*$!
{
	archiveVersion = 1;
	classes = {
	};
	objectVersion = 51;
	objects = {

/* Begin PBXBuildFile section */
		6E9097A6259DCA4600DFDFA4 /* AppDelegate.swift in Sources */ = {isa = PBXBuildFile; fileRef = 6E9097A5259DCA4600DFDFA4 /* AppDelegate.swift */; };
		6E9097A8259DCA4600DFDFA4 /* SceneDelegate.swift in Sources */ = {isa = PBXBuildFile; fileRef = 6E9097A7259DCA4600DFDFA4 /* SceneDelegate.swift */; };
		6E9097AD259DCA4600DFDFA4 /* Main.storyboard in Resources */ = {isa = PBXBuildFile; fileRef = 6E9097AB259DCA4600DFDFA4 /* Main.storyboard */; };
		6E9097AF259DCA4700DFDFA4 /* Assets.xcassets in Resources */ = {isa = PBXBuildFile; fileRef = 6E9097AE259DCA4700DFDFA4 /* Assets.xcassets */; };
		6E9097B2259DCA4700DFDFA4 /* LaunchScreen.storyboard in Resources */ = {isa = PBXBuildFile; fileRef = 6E9097B0259DCA4700DFDFA4 /* LaunchScreen.storyboard */; };
		6E9097BD259DCA4700DFDFA4 /* ZooGoAppTests.swift in Sources */ = {isa = PBXBuildFile; fileRef = 6E9097BC259DCA4700DFDFA4 /* ZooGoAppTests.swift */; };
		6E9097C8259DCA4700DFDFA4 /* ZooGoAppUITests.swift in Sources */ = {isa = PBXBuildFile; fileRef = 6E9097C7259DCA4700DFDFA4 /* ZooGoAppUITests.swift */; };
		6E90981B259E081B00DFDFA4 /* 1.json in Resources */ = {isa = PBXBuildFile; fileRef = 6E90981A259E081B00DFDFA4 /* 1.json */; };
		6E909820259E082300DFDFA4 /* 2.json in Resources */ = {isa = PBXBuildFile; fileRef = 6E90981F259E082300DFDFA4 /* 2.json */; };
		6E909825259E082800DFDFA4 /* 3.json in Resources */ = {isa = PBXBuildFile; fileRef = 6E909824259E082800DFDFA4 /* 3.json */; };
		6E909830259E0EBF00DFDFA4 /* IntoroViewController.swift in Sources */ = {isa = PBXBuildFile; fileRef = 6E90982F259E0EBF00DFDFA4 /* IntoroViewController.swift */; };
		6E90983B259EE73400DFDFA4 /* BaseViewController.swift in Sources */ = {isa = PBXBuildFile; fileRef = 6E90983A259EE73400DFDFA4 /* BaseViewController.swift */; };
		6E90986325A0537500DFDFA4 /* Item.swift in Sources */ = {isa = PBXBuildFile; fileRef = 6E90986225A0537500DFDFA4 /* Item.swift */; };
		6E90987E25A0620800DFDFA4 /* NewsViewController.swift in Sources */ = {isa = PBXBuildFile; fileRef = 6E90987D25A0620800DFDFA4 /* NewsViewController.swift */; };
		6E90988325A062DC00DFDFA4 /* PageViewController.swift in Sources */ = {isa = PBXBuildFile; fileRef = 6E90988225A062DC00DFDFA4 /* PageViewController.swift */; };
		6E90988B25A0643200DFDFA4 /* WebViewController.swift in Sources */ = {isa = PBXBuildFile; fileRef = 6E90988A25A0643200DFDFA4 /* WebViewController.swift */; };
		6E90989625A1A3D700DFDFA4 /*  backsystem.swift in Sources */ = {isa = PBXBuildFile; fileRef = 6E90989525A1A3D700DFDFA4 /*  backsystem.swift */; };
		9BD4DC279D0074BEC8515CB0 /* Pods_ZooGoApp_ZooGoAppUITests.framework in Frameworks */ = {isa = PBXBuildFile; fileRef = 912CE5296352D55BFE60C7AC /* Pods_ZooGoApp_ZooGoAppUITests.framework */; };
		B0913851DCA00EE84F80BA5A /* Pods_ZooGoAppTests.framework in Frameworks */ = {isa = PBXBuildFile; fileRef = 70C1728321376BFF4000E295 /* Pods_ZooGoAppTests.framework */; };
		D58D36B24AE8CAC4442DF8DB /* Pods_ZooGoApp.framework in Frameworks */ = {isa = PBXBuildFile; fileRef = 33EE8755C58CFC0795C8E984 /* Pods_ZooGoApp.framework */; };
/* End PBXBuildFile section */

/* Begin PBXContainerItemProxy section */
		6E9097B9259DCA4700DFDFA4 /* PBXContainerItemProxy */ = {
			isa = PBXContainerItemProxy;
			containerPortal = 6E90979A259DCA4600DFDFA4 /* Project object */;
			proxyType = 1;
			remoteGlobalIDString = 6E9097A1259DCA4600DFDFA4;
			remoteInfo = ZooGoApp;
		};
		6E9097C4259DCA4700DFDFA4 /* PBXContainerItemProxy */ = {
			isa = PBXContainerItemProxy;
			containerPortal = 6E90979A259DCA4600DFDFA4 /* Project object */;
			proxyType = 1;
			remoteGlobalIDString = 6E9097A1259DCA4600DFDFA4;
			remoteInfo = ZooGoApp;
		};
/* End PBXContainerItemProxy section */

/* Begin PBXFileReference section */
		1067004DBB2C9D791E9541F1 /* Pods-ZooGoApp.debug.xcconfig */ = {isa = PBXFileReference; includeInIndex = 1; lastKnownFileType = text.xcconfig; name = "Pods-ZooGoApp.debug.xcconfig"; path = "Target Support Files/Pods-ZooGoApp/Pods-ZooGoApp.debug.xcconfig"; sourceTree = "<group>"; };
		33EE8755C58CFC0795C8E984 /* Pods_ZooGoApp.framework */ = {isa = PBXFileReference; explicitFileType = wrapper.framework; includeInIndex = 0; path = Pods_ZooGoApp.framework; sourceTree = BUILT_PRODUCTS_DIR; };
		652AD3155AF3F9D779E67D7F /* Pods-ZooGoApp.release.xcconfig */ = {isa = PBXFileReference; includeInIndex = 1; lastKnownFileType = text.xcconfig; name = "Pods-ZooGoApp.release.xcconfig"; path = "Target Support Files/Pods-ZooGoApp/Pods-ZooGoApp.release.xcconfig"; sourceTree = "<group>"; };
		6E9097A2259DCA4600DFDFA4 /* ZooGoApp.app */ = {isa = PBXFileReference; explicitFileType = wrapper.application; includeInIndex = 0; path = ZooGoApp.app; sourceTree = BUILT_PRODUCTS_DIR; };
		6E9097A5259DCA4600DFDFA4 /* AppDelegate.swift */ = {isa = PBXFileReference; lastKnownFileType = sourcecode.swift; path = AppDelegate.swift; sourceTree = "<group>"; };
		6E9097A7259DCA4600DFDFA4 /* SceneDelegate.swift */ = {isa = PBXFileReference; lastKnownFileType = sourcecode.swift; path = SceneDelegate.swift; sourceTree = "<group>"; };
		6E9097AC259DCA4600DFDFA4 /* Base */ = {isa = PBXFileReference; lastKnownFileType = file.storyboard; name = Base; path = Base.lproj/Main.storyboard; sourceTree = "<group>"; };
		6E9097AE259DCA4700DFDFA4 /* Assets.xcassets */ = {isa = PBXFileReference; lastKnownFileType = folder.assetcatalog; path = Assets.xcassets; sourceTree = "<group>"; };
		6E9097B1259DCA4700DFDFA4 /* Base */ = {isa = PBXFileReference; lastKnownFileType = file.storyboard; name = Base; path = Base.lproj/LaunchScreen.storyboard; sourceTree = "<group>"; };
		6E9097B3259DCA4700DFDFA4 /* Info.plist */ = {isa = PBXFileReference; lastKnownFileType = text.plist.xml; path = Info.plist; sourceTree = "<group>"; };
		6E9097B8259DCA4700DFDFA4 /* ZooGoAppTests.xctest */ = {isa = PBXFileReference; explicitFileType = wrapper.cfbundle; includeInIndex = 0; path = ZooGoAppTests.xctest; sourceTree = BUILT_PRODUCTS_DIR; };
		6E9097BC259DCA4700DFDFA4 /* ZooGoAppTests.swift */ = {isa = PBXFileReference; lastKnownFileType = sourcecode.swift; path = ZooGoAppTests.swift; sourceTree = "<group>"; };
		6E9097BE259DCA4700DFDFA4 /* Info.plist */ = {isa = PBXFileReference; lastKnownFileType = text.plist.xml; path = Info.plist; sourceTree = "<group>"; };
		6E9097C3259DCA4700DFDFA4 /* ZooGoAppUITests.xctest */ = {isa = PBXFileReference; explicitFileType = wrapper.cfbundle; includeInIndex = 0; path = ZooGoAppUITests.xctest; sourceTree = BUILT_PRODUCTS_DIR; };
		6E9097C7259DCA4700DFDFA4 /* ZooGoAppUITests.swift */ = {isa = PBXFileReference; lastKnownFileType = sourcecode.swift; path = ZooGoAppUITests.swift; sourceTree = "<group>"; };
		6E9097C9259DCA4700DFDFA4 /* Info.plist */ = {isa = PBXFileReference; lastKnownFileType = text.plist.xml; path = Info.plist; sourceTree = "<group>"; };
		6E90981A259E081B00DFDFA4 /* 1.json */ = {isa = PBXFileReference; fileEncoding = 4; lastKnownFileType = text.json; path = 1.json; sourceTree = "<group>"; };
		6E90981F259E082300DFDFA4 /* 2.json */ = {isa = PBXFileReference; fileEncoding = 4; lastKnownFileType = text.json; path = 2.json; sourceTree = "<group>"; };
		6E909824259E082800DFDFA4 /* 3.json */ = {isa = PBXFileReference; fileEncoding = 4; lastKnownFileType = text.json; path = 3.json; sourceTree = "<group>"; };
		6E90982F259E0EBF00DFDFA4 /* IntoroViewController.swift */ = {isa = PBXFileReference; fileEncoding = 4; lastKnownFileType = sourcecode.swift; path = IntoroViewController.swift; sourceTree = "<group>"; };
		6E90983A259EE73400DFDFA4 /* BaseViewController.swift */ = {isa = PBXFileReference; fileEncoding = 4; lastKnownFileType = sourcecode.swift; path = BaseViewController.swift; sourceTree = "<group>"; };
		6E90986225A0537500DFDFA4 /* Item.swift */ = {isa = PBXFileReference; fileEncoding = 4; lastKnownFileType = sourcecode.swift; path = Item.swift; sourceTree = "<group>"; };
		6E90987D25A0620800DFDFA4 /* NewsViewController.swift */ = {isa = PBXFileReference; fileEncoding = 4; lastKnownFileType = sourcecode.swift; path = NewsViewController.swift; sourceTree = "<group>"; };
		6E90988225A062DC00DFDFA4 /* PageViewController.swift */ = {isa = PBXFileReference; fileEncoding = 4; lastKnownFileType = sourcecode.swift; path = PageViewController.swift; sourceTree = "<group>"; };
		6E90988A25A0643200DFDFA4 /* WebViewController.swift */ = {isa = PBXFileReference; fileEncoding = 4; lastKnownFileType = sourcecode.swift; path = WebViewController.swift; sourceTree = "<group>"; };
		6E90989525A1A3D700DFDFA4 /*  backsystem.swift */ = {isa = PBXFileReference; lastKnownFileType = sourcecode.swift; path = " backsystem.swift"; sourceTree = "<group>"; };
		6EB0D8C892C4F7E29661CFAF /* Pods-ZooGoApp-ZooGoAppUITests.release.xcconfig */ = {isa = PBXFileReference; includeInIndex = 1; lastKnownFileType = text.xcconfig; name = "Pods-ZooGoApp-ZooGoAppUITests.release.xcconfig"; path = "Target Support Files/Pods-ZooGoApp-ZooGoAppUITests/Pods-ZooGoApp-ZooGoAppUITests.release.xcconfig"; sourceTree = "<group>"; };
		70C1728321376BFF4000E295 /* Pods_ZooGoAppTests.framework */ = {isa = PBXFileReference; explicitFileType = wrapper.framework; includeInIndex = 0; path = Pods_ZooGoAppTests.framework; sourceTree = BUILT_PRODUCTS_DIR; };
		912CE5296352D55BFE60C7AC /* Pods_ZooGoApp_ZooGoAppUITests.framework */ = {isa = PBXFileReference; explicitFileType = wrapper.framework; includeInIndex = 0; path = Pods_ZooGoApp_ZooGoAppUITests.framework; sourceTree = BUILT_PRODUCTS_DIR; };
		93AE8A63A2E9C086DE1B2720 /* Pods-ZooGoApp-ZooGoAppUITests.debug.xcconfig */ = {isa = PBXFileReference; includeInIndex = 1; lastKnownFileType = text.xcconfig; name = "Pods-ZooGoApp-ZooGoAppUITests.debug.xcconfig"; path = "Target Support Files/Pods-ZooGoApp-ZooGoAppUITests/Pods-ZooGoApp-ZooGoAppUITests.debug.xcconfig"; sourceTree = "<group>"; };
		96101BC27E8991868B473E32 /* Pods-ZooGoAppTests.debug.xcconfig */ = {isa = PBXFileReference; includeInIndex = 1; lastKnownFileType = text.xcconfig; name = "Pods-ZooGoAppTests.debug.xcconfig"; path = "Target Support Files/Pods-ZooGoAppTests/Pods-ZooGoAppTests.debug.xcconfig"; sourceTree = "<group>"; };
		C9EA11E0E2C130F386E92D7D /* Pods-ZooGoAppTests.release.xcconfig */ = {isa = PBXFileReference; includeInIndex = 1; lastKnownFileType = text.xcconfig; name = "Pods-ZooGoAppTests.release.xcconfig"; path = "Target Support Files/Pods-ZooGoAppTests/Pods-ZooGoAppTests.release.xcconfig"; sourceTree = "<group>"; };
/* End PBXFileReference section */

/* Begin PBXFrameworksBuildPhase section */
		6E90979F259DCA4600DFDFA4 /* Frameworks */ = {
			isa = PBXFrameworksBuildPhase;
			buildActionMask = 2147483647;
			files = (
				D58D36B24AE8CAC4442DF8DB /* Pods_ZooGoApp.framework in Frameworks */,
			);
			runOnlyForDeploymentPostprocessing = 0;
		};
		6E9097B5259DCA4700DFDFA4 /* Frameworks */ = {
			isa = PBXFrameworksBuildPhase;
			buildActionMask = 2147483647;
			files = (
				B0913851DCA00EE84F80BA5A /* Pods_ZooGoAppTests.framework in Frameworks */,
			);
			runOnlyForDeploymentPostprocessing = 0;
		};
		6E9097C0259DCA4700DFDFA4 /* Frameworks */ = {
			isa = PBXFrameworksBuildPhase;
			buildActionMask = 2147483647;
			files = (
				9BD4DC279D0074BEC8515CB0 /* Pods_ZooGoApp_ZooGoAppUITests.framework in Frameworks */,
			);
			runOnlyForDeploymentPostprocessing = 0;
		};
/* End PBXFrameworksBuildPhase section */

/* Begin PBXGroup section */
		364F5DDCB3F86311146F12E8 /* Frameworks */ = {
			isa = PBXGroup;
			children = (
				33EE8755C58CFC0795C8E984 /* Pods_ZooGoApp.framework */,
				912CE5296352D55BFE60C7AC /* Pods_ZooGoApp_ZooGoAppUITests.framework */,
				70C1728321376BFF4000E295 /* Pods_ZooGoAppTests.framework */,
			);
			name = Frameworks;
			sourceTree = "<group>";
		};
		6E909799259DCA4600DFDFA4 = {
			isa = PBXGroup;
			children = (
				6E9097A4259DCA4600DFDFA4 /* ZooGoApp */,
				6E9097BB259DCA4700DFDFA4 /* ZooGoAppTests */,
				6E9097C6259DCA4700DFDFA4 /* ZooGoAppUITests */,
				6E9097A3259DCA4600DFDFA4 /* Products */,
				E39746387424395ED82D836F /* Pods */,
				364F5DDCB3F86311146F12E8 /* Frameworks */,
			);
			sourceTree = "<group>";
		};
		6E9097A3259DCA4600DFDFA4 /* Products */ = {
			isa = PBXGroup;
			children = (
				6E9097A2259DCA4600DFDFA4 /* ZooGoApp.app */,
				6E9097B8259DCA4700DFDFA4 /* ZooGoAppTests.xctest */,
				6E9097C3259DCA4700DFDFA4 /* ZooGoAppUITests.xctest */,
			);
			name = Products;
			sourceTree = "<group>";
		};
		6E9097A4259DCA4600DFDFA4 /* ZooGoApp */ = {
			isa = PBXGroup;
			children = (
				6E9097FE259E042700DFDFA4 /* Model */,
				6E9097FF259E044000DFDFA4 /* View */,
				6E909800259E045300DFDFA4 /* Controller */,
				6E9097B0259DCA4700DFDFA4 /* LaunchScreen.storyboard */,
				6E9097B3259DCA4700DFDFA4 /* Info.plist */,
				6E909819259E07F100DFDFA4 /* Json */,
			);
			path = ZooGoApp;
			sourceTree = "<group>";
		};
		6E9097BB259DCA4700DFDFA4 /* ZooGoAppTests */ = {
			isa = PBXGroup;
			children = (
				6E9097BC259DCA4700DFDFA4 /* ZooGoAppTests.swift */,
				6E9097BE259DCA4700DFDFA4 /* Info.plist */,
			);
			path = ZooGoAppTests;
			sourceTree = "<group>";
		};
		6E9097C6259DCA4700DFDFA4 /* ZooGoAppUITests */ = {
			isa = PBXGroup;
			children = (
				6E9097C7259DCA4700DFDFA4 /* ZooGoAppUITests.swift */,
				6E9097C9259DCA4700DFDFA4 /* Info.plist */,
			);
			path = ZooGoAppUITests;
			sourceTree = "<group>";
		};
		6E9097FE259E042700DFDFA4 /* Model */ = {
			isa = PBXGroup;
			children = (
				6E90986225A0537500DFDFA4 /* Item.swift */,
				6E90989525A1A3D700DFDFA4 /*  backsystem.swift */,
			);
			path = Model;
			sourceTree = "<group>";
		};
		6E9097FF259E044000DFDFA4 /* View */ = {
			isa = PBXGroup;
			children = (
				6E9097AB259DCA4600DFDFA4 /* Main.storyboard */,
				6E9097AE259DCA4700DFDFA4 /* Assets.xcassets */,
			);
			path = View;
			sourceTree = "<group>";
		};
		6E909800259E045300DFDFA4 /* Controller */ = {
			isa = PBXGroup;
			children = (
				6E9098A325A2161900DFDFA4 /* MatchingZoo */,
				6E90987C25A0612D00DFDFA4 /* Newsreader */,
				6E90982F259E0EBF00DFDFA4 /* IntoroViewController.swift */,
				6E90983A259EE73400DFDFA4 /* BaseViewController.swift */,
				6E9097A5259DCA4600DFDFA4 /* AppDelegate.swift */,
				6E9097A7259DCA4600DFDFA4 /* SceneDelegate.swift */,
			);
			path = Controller;
			sourceTree = "<group>";
		};
		6E909819259E07F100DFDFA4 /* Json */ = {
			isa = PBXGroup;
			children = (
				6E90981A259E081B00DFDFA4 /* 1.json */,
				6E90981F259E082300DFDFA4 /* 2.json */,
				6E909824259E082800DFDFA4 /* 3.json */,
			);
			path = Json;
			sourceTree = "<group>";
		};
		6E90987C25A0612D00DFDFA4 /* Newsreader */ = {
			isa = PBXGroup;
			children = (
				6E90987D25A0620800DFDFA4 /* NewsViewController.swift */,
				6E90988225A062DC00DFDFA4 /* PageViewController.swift */,
				6E90988A25A0643200DFDFA4 /* WebViewController.swift */,
			);
			path = Newsreader;
			sourceTree = "<group>";
		};
		6E9098A325A2161900DFDFA4 /* MatchingZoo */ = {
			isa = PBXGroup;
			children = (
			);
			path = MatchingZoo;
			sourceTree = "<group>";
		};
		E39746387424395ED82D836F /* Pods */ = {
			isa = PBXGroup;
			children = (
				1067004DBB2C9D791E9541F1 /* Pods-ZooGoApp.debug.xcconfig */,
				652AD3155AF3F9D779E67D7F /* Pods-ZooGoApp.release.xcconfig */,
				93AE8A63A2E9C086DE1B2720 /* Pods-ZooGoApp-ZooGoAppUITests.debug.xcconfig */,
				6EB0D8C892C4F7E29661CFAF /* Pods-ZooGoApp-ZooGoAppUITests.release.xcconfig */,
				96101BC27E8991868B473E32 /* Pods-ZooGoAppTests.debug.xcconfig */,
				C9EA11E0E2C130F386E92D7D /* Pods-ZooGoAppTests.release.xcconfig */,
			);
			path = Pods;
			sourceTree = "<group>";
		};
/* End PBXGroup section */

/* Begin PBXNativeTarget section */
		6E9097A1259DCA4600DFDFA4 /* ZooGoApp */ = {
			isa = PBXNativeTarget;
			buildConfigurationList = 6E9097CC259DCA4700DFDFA4 /* Build configuration list for PBXNativeTarget "ZooGoApp" */;
			buildPhases = (
				9319357783F7187AA46A77C7 /* [CP] Check Pods Manifest.lock */,
				6E90979E259DCA4600DFDFA4 /* Sources */,
				6E90979F259DCA4600DFDFA4 /* Frameworks */,
				6E9097A0259DCA4600DFDFA4 /* Resources */,
				01AF5BBC22C7A71349473ECE /* [CP] Embed Pods Frameworks */,
			);
			buildRules = (
			);
			dependencies = (
			);
			name = ZooGoApp;
			productName = ZooGoApp;
			productReference = 6E9097A2259DCA4600DFDFA4 /* ZooGoApp.app */;
			productType = "com.apple.product-type.application";
		};
		6E9097B7259DCA4700DFDFA4 /* ZooGoAppTests */ = {
			isa = PBXNativeTarget;
			buildConfigurationList = 6E9097CF259DCA4700DFDFA4 /* Build configuration list for PBXNativeTarget "ZooGoAppTests" */;
			buildPhases = (
				107A97725BAC197C3BB695CB /* [CP] Check Pods Manifest.lock */,
				6E9097B4259DCA4700DFDFA4 /* Sources */,
				6E9097B5259DCA4700DFDFA4 /* Frameworks */,
				6E9097B6259DCA4700DFDFA4 /* Resources */,
			);
			buildRules = (
			);
			dependencies = (
				6E9097BA259DCA4700DFDFA4 /* PBXTargetDependency */,
			);
			name = ZooGoAppTests;
			productName = ZooGoAppTests;
			productReference = 6E9097B8259DCA4700DFDFA4 /* ZooGoAppTests.xctest */;
			productType = "com.apple.product-type.bundle.unit-test";
		};
		6E9097C2259DCA4700DFDFA4 /* ZooGoAppUITests */ = {
			isa = PBXNativeTarget;
			buildConfigurationList = 6E9097D2259DCA4700DFDFA4 /* Build configuration list for PBXNativeTarget "ZooGoAppUITests" */;
			buildPhases = (
				672F8583156CD1DDF475A8E2 /* [CP] Check Pods Manifest.lock */,
				6E9097BF259DCA4700DFDFA4 /* Sources */,
				6E9097C0259DCA4700DFDFA4 /* Frameworks */,
				6E9097C1259DCA4700DFDFA4 /* Resources */,
				F385B1DDA3A91820EBAA29ED /* [CP] Embed Pods Frameworks */,
			);
			buildRules = (
			);
			dependencies = (
				6E9097C5259DCA4700DFDFA4 /* PBXTargetDependency */,
			);
			name = ZooGoAppUITests;
			productName = ZooGoAppUITests;
			productReference = 6E9097C3259DCA4700DFDFA4 /* ZooGoAppUITests.xctest */;
			productType = "com.apple.product-type.bundle.ui-testing";
		};
/* End PBXNativeTarget section */

/* Begin PBXProject section */
		6E90979A259DCA4600DFDFA4 /* Project object */ = {
			isa = PBXProject;
			attributes = {
				LastSwiftUpdateCheck = 1230;
				LastUpgradeCheck = 1230;
				TargetAttributes = {
					6E9097A1259DCA4600DFDFA4 = {
						CreatedOnToolsVersion = 12.3;
					};
					6E9097B7259DCA4700DFDFA4 = {
						CreatedOnToolsVersion = 12.3;
						TestTargetID = 6E9097A1259DCA4600DFDFA4;
					};
					6E9097C2259DCA4700DFDFA4 = {
						CreatedOnToolsVersion = 12.3;
						TestTargetID = 6E9097A1259DCA4600DFDFA4;
					};
				};
			};
			buildConfigurationList = 6E90979D259DCA4600DFDFA4 /* Build configuration list for PBXProject "ZooGoApp" */;
			compatibilityVersion = "Xcode 9.3";
			developmentRegion = en;
			hasScannedForEncodings = 0;
			knownRegions = (
				en,
				Base,
			);
			mainGroup = 6E909799259DCA4600DFDFA4;
			productRefGroup = 6E9097A3259DCA4600DFDFA4 /* Products */;
			projectDirPath = "";
			projectRoot = "";
			targets = (
				6E9097A1259DCA4600DFDFA4 /* ZooGoApp */,
				6E9097B7259DCA4700DFDFA4 /* ZooGoAppTests */,
				6E9097C2259DCA4700DFDFA4 /* ZooGoAppUITests */,
			);
		};
/* End PBXProject section */

/* Begin PBXResourcesBuildPhase section */
		6E9097A0259DCA4600DFDFA4 /* Resources */ = {
			isa = PBXResourcesBuildPhase;
			buildActionMask = 2147483647;
			files = (
				6E909820259E082300DFDFA4 /* 2.json in Resources */,
				6E9097B2259DCA4700DFDFA4 /* LaunchScreen.storyboard in Resources */,
				6E9097AF259DCA4700DFDFA4 /* Assets.xcassets in Resources */,
				6E909825259E082800DFDFA4 /* 3.json in Resources */,
				6E9097AD259DCA4600DFDFA4 /* Main.storyboard in Resources */,
				6E90981B259E081B00DFDFA4 /* 1.json in Resources */,
			);
			runOnlyForDeploymentPostprocessing = 0;
		};
		6E9097B6259DCA4700DFDFA4 /* Resources */ = {
			isa = PBXResourcesBuildPhase;
			buildActionMask = 2147483647;
			files = (
			);
			runOnlyForDeploymentPostprocessing = 0;
		};
		6E9097C1259DCA4700DFDFA4 /* Resources */ = {
			isa = PBXResourcesBuildPhase;
			buildActionMask = 2147483647;
			files = (
			);
			runOnlyForDeploymentPostprocessing = 0;
		};
/* End PBXResourcesBuildPhase section */

/* Begin PBXShellScriptBuildPhase section */
		01AF5BBC22C7A71349473ECE /* [CP] Embed Pods Frameworks */ = {
			isa = PBXShellScriptBuildPhase;
			buildActionMask = 2147483647;
			files = (
			);
			inputFileListPaths = (
				"${PODS_ROOT}/Target Support Files/Pods-ZooGoApp/Pods-ZooGoApp-frameworks-${CONFIGURATION}-input-files.xcfilelist",
			);
			name = "[CP] Embed Pods Frameworks";
			outputFileListPaths = (
				"${PODS_ROOT}/Target Support Files/Pods-ZooGoApp/Pods-ZooGoApp-frameworks-${CONFIGURATION}-output-files.xcfilelist",
			);
			runOnlyForDeploymentPostprocessing = 0;
			shellPath = /bin/sh;
			shellScript = "\"${PODS_ROOT}/Target Support Files/Pods-ZooGoApp/Pods-ZooGoApp-frameworks.sh\"\n";
			showEnvVarsInLog = 0;
		};
		107A97725BAC197C3BB695CB /* [CP] Check Pods Manifest.lock */ = {
			isa = PBXShellScriptBuildPhase;
			buildActionMask = 2147483647;
			files = (
			);
			inputFileListPaths = (
			);
			inputPaths = (
				"${PODS_PODFILE_DIR_PATH}/Podfile.lock",
				"${PODS_ROOT}/Manifest.lock",
			);
			name = "[CP] Check Pods Manifest.lock";
			outputFileListPaths = (
			);
			outputPaths = (
				"$(DERIVED_FILE_DIR)/Pods-ZooGoAppTests-checkManifestLockResult.txt",
			);
			runOnlyForDeploymentPostprocessing = 0;
			shellPath = /bin/sh;
			shellScript = "diff \"${PODS_PODFILE_DIR_PATH}/Podfile.lock\" \"${PODS_ROOT}/Manifest.lock\" > /dev/null\nif [ $? != 0 ] ; then\n    # print error to STDERR\n    echo \"error: The sandbox is not in sync with the Podfile.lock. Run 'pod install' or update your CocoaPods installation.\" >&2\n    exit 1\nfi\n# This output is used by Xcode 'outputs' to avoid re-running this script phase.\necho \"SUCCESS\" > \"${SCRIPT_OUTPUT_FILE_0}\"\n";
			showEnvVarsInLog = 0;
		};
		672F8583156CD1DDF475A8E2 /* [CP] Check Pods Manifest.lock */ = {
			isa = PBXShellScriptBuildPhase;
			buildActionMask = 2147483647;
			files = (
			);
			inputFileListPaths = (
			);
			inputPaths = (
				"${PODS_PODFILE_DIR_PATH}/Podfile.lock",
				"${PODS_ROOT}/Manifest.lock",
			);
			name = "[CP] Check Pods Manifest.lock";
			outputFileListPaths = (
			);
			outputPaths = (
				"$(DERIVED_FILE_DIR)/Pods-ZooGoApp-ZooGoAppUITests-checkManifestLockResult.txt",
			);
			runOnlyForDeploymentPostprocessing = 0;
			shellPath = /bin/sh;
			shellScript = "diff \"${PODS_PODFILE_DIR_PATH}/Podfile.lock\" \"${PODS_ROOT}/Manifest.lock\" > /dev/null\nif [ $? != 0 ] ; then\n    # print error to STDERR\n    echo \"error: The sandbox is not in sync with the Podfile.lock. Run 'pod install' or update your CocoaPods installation.\" >&2\n    exit 1\nfi\n# This output is used by Xcode 'outputs' to avoid re-running this script phase.\necho \"SUCCESS\" > \"${SCRIPT_OUTPUT_FILE_0}\"\n";
			showEnvVarsInLog = 0;
		};
		9319357783F7187AA46A77C7 /* [CP] Check Pods Manifest.lock */ = {
			isa = PBXShellScriptBuildPhase;
			buildActionMask = 2147483647;
			files = (
			);
			inputFileListPaths = (
			);
			inputPaths = (
				"${PODS_PODFILE_DIR_PATH}/Podfile.lock",
				"${PODS_ROOT}/Manifest.lock",
			);
			name = "[CP] Check Pods Manifest.lock";
			outputFileListPaths = (
			);
			outputPaths = (
				"$(DERIVED_FILE_DIR)/Pods-ZooGoApp-checkManifestLockResult.txt",
			);
			runOnlyForDeploymentPostprocessing = 0;
			shellPath = /bin/sh;
			shellScript = "diff \"${PODS_PODFILE_DIR_PATH}/Podfile.lock\" \"${PODS_ROOT}/Manifest.lock\" > /dev/null\nif [ $? != 0 ] ; then\n    # print error to STDERR\n    echo \"error: The sandbox is not in sync with the Podfile.lock. Run 'pod install' or update your CocoaPods installation.\" >&2\n    exit 1\nfi\n# This output is used by Xcode 'outputs' to avoid re-running this script phase.\necho \"SUCCESS\" > \"${SCRIPT_OUTPUT_FILE_0}\"\n";
			showEnvVarsInLog = 0;
		};
		F385B1DDA3A91820EBAA29ED /* [CP] Embed Pods Frameworks */ = {
			isa = PBXShellScriptBuildPhase;
			buildActionMask = 2147483647;
			files = (
			);
			inputFileListPaths = (
				"${PODS_ROOT}/Target Support Files/Pods-ZooGoApp-ZooGoAppUITests/Pods-ZooGoApp-ZooGoAppUITests-frameworks-${CONFIGURATION}-input-files.xcfilelist",
			);
			name = "[CP] Embed Pods Frameworks";
			outputFileListPaths = (
				"${PODS_ROOT}/Target Support Files/Pods-ZooGoApp-ZooGoAppUITests/Pods-ZooGoApp-ZooGoAppUITests-frameworks-${CONFIGURATION}-output-files.xcfilelist",
			);
			runOnlyForDeploymentPostprocessing = 0;
			shellPath = /bin/sh;
			shellScript = "\"${PODS_ROOT}/Target Support Files/Pods-ZooGoApp-ZooGoAppUITests/Pods-ZooGoApp-ZooGoAppUITests-frameworks.sh\"\n";
			showEnvVarsInLog = 0;
		};
/* End PBXShellScriptBuildPhase section */

/* Begin PBXSourcesBuildPhase section */
		6E90979E259DCA4600DFDFA4 /* Sources */ = {
			isa = PBXSourcesBuildPhase;
			buildActionMask = 2147483647;
			files = (
				6E90989625A1A3D700DFDFA4 /*  backsystem.swift in Sources */,
				6E9097A6259DCA4600DFDFA4 /* AppDelegate.swift in Sources */,
				6E90983B259EE73400DFDFA4 /* BaseViewController.swift in Sources */,
				6E9097A8259DCA4600DFDFA4 /* SceneDelegate.swift in Sources */,
				6E90987E25A0620800DFDFA4 /* NewsViewController.swift in Sources */,
				6E90988325A062DC00DFDFA4 /* PageViewController.swift in Sources */,
				6E90986325A0537500DFDFA4 /* Item.swift in Sources */,
				6E909830259E0EBF00DFDFA4 /* IntoroViewController.swift in Sources */,
				6E90988B25A0643200DFDFA4 /* WebViewController.swift in Sources */,
			);
			runOnlyForDeploymentPostprocessing = 0;
		};
		6E9097B4259DCA4700DFDFA4 /* Sources */ = {
			isa = PBXSourcesBuildPhase;
			buildActionMask = 2147483647;
			files = (
				6E9097BD259DCA4700DFDFA4 /* ZooGoAppTests.swift in Sources */,
			);
			runOnlyForDeploymentPostprocessing = 0;
		};
		6E9097BF259DCA4700DFDFA4 /* Sources */ = {
			isa = PBXSourcesBuildPhase;
			buildActionMask = 2147483647;
			files = (
				6E9097C8259DCA4700DFDFA4 /* ZooGoAppUITests.swift in Sources */,
			);
			runOnlyForDeploymentPostprocessing = 0;
		};
/* End PBXSourcesBuildPhase section */

/* Begin PBXTargetDependency section */
		6E9097BA259DCA4700DFDFA4 /* PBXTargetDependency */ = {
			isa = PBXTargetDependency;
			target = 6E9097A1259DCA4600DFDFA4 /* ZooGoApp */;
			targetProxy = 6E9097B9259DCA4700DFDFA4 /* PBXContainerItemProxy */;
		};
		6E9097C5259DCA4700DFDFA4 /* PBXTargetDependency */ = {
			isa = PBXTargetDependency;
			target = 6E9097A1259DCA4600DFDFA4 /* ZooGoApp */;
			targetProxy = 6E9097C4259DCA4700DFDFA4 /* PBXContainerItemProxy */;
		};
/* End PBXTargetDependency section */

/* Begin PBXVariantGroup section */
		6E9097AB259DCA4600DFDFA4 /* Main.storyboard */ = {
			isa = PBXVariantGroup;
			children = (
				6E9097AC259DCA4600DFDFA4 /* Base */,
			);
			name = Main.storyboard;
			sourceTree = "<group>";
		};
		6E9097B0259DCA4700DFDFA4 /* LaunchScreen.storyboard */ = {
			isa = PBXVariantGroup;
			children = (
				6E9097B1259DCA4700DFDFA4 /* Base */,
			);
			name = LaunchScreen.storyboard;
			sourceTree = "<group>";
		};
/* End PBXVariantGroup section */

/* Begin XCBuildConfiguration section */
		6E9097CA259DCA4700DFDFA4 /* Debug */ = {
			isa = XCBuildConfiguration;
			buildSettings = {
				ALWAYS_SEARCH_USER_PATHS = NO;
				CLANG_ANALYZER_NONNULL = YES;
				CLANG_ANALYZER_NUMBER_OBJECT_CONVERSION = YES_AGGRESSIVE;
				CLANG_CXX_LANGUAGE_STANDARD = "gnu++14";
				CLANG_CXX_LIBRARY = "libc++";
				CLANG_ENABLE_MODULES = YES;
				CLANG_ENABLE_OBJC_ARC = YES;
				CLANG_ENABLE_OBJC_WEAK = YES;
				CLANG_WARN_BLOCK_CAPTURE_AUTORELEASING = YES;
				CLANG_WARN_BOOL_CONVERSION = YES;
				CLANG_WARN_COMMA = YES;
				CLANG_WARN_CONSTANT_CONVERSION = YES;
				CLANG_WARN_DEPRECATED_OBJC_IMPLEMENTATIONS = YES;
				CLANG_WARN_DIRECT_OBJC_ISA_USAGE = YES_ERROR;
				CLANG_WARN_DOCUMENTATION_COMMENTS = YES;
				CLANG_WARN_EMPTY_BODY = YES;
				CLANG_WARN_ENUM_CONVERSION = YES;
				CLANG_WARN_INFINITE_RECURSION = YES;
				CLANG_WARN_INT_CONVERSION = YES;
				CLANG_WARN_NON_LITERAL_NULL_CONVERSION = YES;
				CLANG_WARN_OBJC_IMPLICIT_RETAIN_SELF = YES;
				CLANG_WARN_OBJC_LITERAL_CONVERSION = YES;
				CLANG_WARN_OBJC_ROOT_CLASS = YES_ERROR;
				CLANG_WARN_QUOTED_INCLUDE_IN_FRAMEWORK_HEADER = YES;
				CLANG_WARN_RANGE_LOOP_ANALYSIS = YES;
				CLANG_WARN_STRICT_PROTOTYPES = YES;
				CLANG_WARN_SUSPICIOUS_MOVE = YES;
				CLANG_WARN_UNGUARDED_AVAILABILITY = YES_AGGRESSIVE;
				CLANG_WARN_UNREACHABLE_CODE = YES;
				CLANG_WARN__DUPLICATE_METHOD_MATCH = YES;
				COPY_PHASE_STRIP = NO;
				DEBUG_INFORMATION_FORMAT = dwarf;
				ENABLE_STRICT_OBJC_MSGSEND = YES;
				ENABLE_TESTABILITY = YES;
				GCC_C_LANGUAGE_STANDARD = gnu11;
				GCC_DYNAMIC_NO_PIC = NO;
				GCC_NO_COMMON_BLOCKS = YES;
				GCC_OPTIMIZATION_LEVEL = 0;
				GCC_PREPROCESSOR_DEFINITIONS = (
					"DEBUG=1",
					"$(inherited)",
				);
				GCC_WARN_64_TO_32_BIT_CONVERSION = YES;
				GCC_WARN_ABOUT_RETURN_TYPE = YES_ERROR;
				GCC_WARN_UNDECLARED_SELECTOR = YES;
				GCC_WARN_UNINITIALIZED_AUTOS = YES_AGGRESSIVE;
				GCC_WARN_UNUSED_FUNCTION = YES;
				GCC_WARN_UNUSED_VARIABLE = YES;
				IPHONEOS_DEPLOYMENT_TARGET = 14.3;
				MTL_ENABLE_DEBUG_INFO = INCLUDE_SOURCE;
				MTL_FAST_MATH = YES;
				ONLY_ACTIVE_ARCH = YES;
				SDKROOT = iphoneos;
				SWIFT_ACTIVE_COMPILATION_CONDITIONS = DEBUG;
				SWIFT_OPTIMIZATION_LEVEL = "-Onone";
			};
			name = Debug;
		};
		6E9097CB259DCA4700DFDFA4 /* Release */ = {
			isa = XCBuildConfiguration;
			buildSettings = {
				ALWAYS_SEARCH_USER_PATHS = NO;
				CLANG_ANALYZER_NONNULL = YES;
				CLANG_ANALYZER_NUMBER_OBJECT_CONVERSION = YES_AGGRESSIVE;
				CLANG_CXX_LANGUAGE_STANDARD = "gnu++14";
				CLANG_CXX_LIBRARY = "libc++";
				CLANG_ENABLE_MODULES = YES;
				CLANG_ENABLE_OBJC_ARC = YES;
				CLANG_ENABLE_OBJC_WEAK = YES;
				CLANG_WARN_BLOCK_CAPTURE_AUTORELEASING = YES;
				CLANG_WARN_BOOL_CONVERSION = YES;
				CLANG_WARN_COMMA = YES;
				CLANG_WARN_CONSTANT_CONVERSION = YES;
				CLANG_WARN_DEPRECATED_OBJC_IMPLEMENTATIONS = YES;
				CLANG_WARN_DIRECT_OBJC_ISA_USAGE = YES_ERROR;
				CLANG_WARN_DOCUMENTATION_COMMENTS = YES;
				CLANG_WARN_EMPTY_BODY = YES;
				CLANG_WARN_ENUM_CONVERSION = YES;
				CLANG_WARN_INFINITE_RECURSION = YES;
				CLANG_WARN_INT_CONVERSION = YES;
				CLANG_WARN_NON_LITERAL_NULL_CONVERSION = YES;
				CLANG_WARN_OBJC_IMPLICIT_RETAIN_SELF = YES;
				CLANG_WARN_OBJC_LITERAL_CONVERSION = YES;
				CLANG_WARN_OBJC_ROOT_CLASS = YES_ERROR;
				CLANG_WARN_QUOTED_INCLUDE_IN_FRAMEWORK_HEADER = YES;
				CLANG_WARN_RANGE_LOOP_ANALYSIS = YES;
				CLANG_WARN_STRICT_PROTOTYPES = YES;
				CLANG_WARN_SUSPICIOUS_MOVE = YES;
				CLANG_WARN_UNGUARDED_AVAILABILITY = YES_AGGRESSIVE;
				CLANG_WARN_UNREACHABLE_CODE = YES;
				CLANG_WARN__DUPLICATE_METHOD_MATCH = YES;
				COPY_PHASE_STRIP = NO;
				DEBUG_INFORMATION_FORMAT = "dwarf-with-dsym";
				ENABLE_NS_ASSERTIONS = NO;
				ENABLE_STRICT_OBJC_MSGSEND = YES;
				GCC_C_LANGUAGE_STANDARD = gnu11;
				GCC_NO_COMMON_BLOCKS = YES;
				GCC_WARN_64_TO_32_BIT_CONVERSION = YES;
				GCC_WARN_ABOUT_RETURN_TYPE = YES_ERROR;
				GCC_WARN_UNDECLARED_SELECTOR = YES;
				GCC_WARN_UNINITIALIZED_AUTOS = YES_AGGRESSIVE;
				GCC_WARN_UNUSED_FUNCTION = YES;
				GCC_WARN_UNUSED_VARIABLE = YES;
				IPHONEOS_DEPLOYMENT_TARGET = 14.3;
				MTL_ENABLE_DEBUG_INFO = NO;
				MTL_FAST_MATH = YES;
				SDKROOT = iphoneos;
				SWIFT_COMPILATION_MODE = wholemodule;
				SWIFT_OPTIMIZATION_LEVEL = "-O";
				VALIDATE_PRODUCT = YES;
			};
			name = Release;
		};
		6E9097CD259DCA4700DFDFA4 /* Debug */ = {
			isa = XCBuildConfiguration;
			baseConfigurationReference = 1067004DBB2C9D791E9541F1 /* Pods-ZooGoApp.debug.xcconfig */;
			buildSettings = {
				ASSETCATALOG_COMPILER_APPICON_NAME = AppIcon;
				ASSETCATALOG_COMPILER_GLOBAL_ACCENT_COLOR_NAME = AccentColor;
				CODE_SIGN_STYLE = Automatic;
				DEVELOPMENT_TEAM = 6Q39474W8H;
				INFOPLIST_FILE = ZooGoApp/Info.plist;
				LD_RUNPATH_SEARCH_PATHS = (
					"$(inherited)",
					"@executable_path/Frameworks",
				);
				PRODUCT_BUNDLE_IDENTIFIER = com.shunta.ZooGoApp;
				PRODUCT_NAME = "$(TARGET_NAME)";
				SWIFT_VERSION = 5.0;
				TARGETED_DEVICE_FAMILY = "1,2";
			};
			name = Debug;
		};
		6E9097CE259DCA4700DFDFA4 /* Release */ = {
			isa = XCBuildConfiguration;
			baseConfigurationReference = 652AD3155AF3F9D779E67D7F /* Pods-ZooGoApp.release.xcconfig */;
			buildSettings = {
				ASSETCATALOG_COMPILER_APPICON_NAME = AppIcon;
				ASSETCATALOG_COMPILER_GLOBAL_ACCENT_COLOR_NAME = AccentColor;
				CODE_SIGN_STYLE = Automatic;
				DEVELOPMENT_TEAM = 6Q39474W8H;
				INFOPLIST_FILE = ZooGoApp/Info.plist;
				LD_RUNPATH_SEARCH_PATHS = (
					"$(inherited)",
					"@executable_path/Frameworks",
				);
				PRODUCT_BUNDLE_IDENTIFIER = com.shunta.ZooGoApp;
				PRODUCT_NAME = "$(TARGET_NAME)";
				SWIFT_VERSION = 5.0;
				TARGETED_DEVICE_FAMILY = "1,2";
			};
			name = Release;
		};
		6E9097D0259DCA4700DFDFA4 /* Debug */ = {
			isa = XCBuildConfiguration;
			baseConfigurationReference = 96101BC27E8991868B473E32 /* Pods-ZooGoAppTests.debug.xcconfig */;
			buildSettings = {
				ALWAYS_EMBED_SWIFT_STANDARD_LIBRARIES = YES;
				BUNDLE_LOADER = "$(TEST_HOST)";
				CODE_SIGN_STYLE = Automatic;
				INFOPLIST_FILE = ZooGoAppTests/Info.plist;
				IPHONEOS_DEPLOYMENT_TARGET = 14.3;
				LD_RUNPATH_SEARCH_PATHS = (
					"$(inherited)",
					"@executable_path/Frameworks",
					"@loader_path/Frameworks",
				);
				PRODUCT_BUNDLE_IDENTIFIER = com.shunta.ZooGoAppTests;
				PRODUCT_NAME = "$(TARGET_NAME)";
				SWIFT_VERSION = 5.0;
				TARGETED_DEVICE_FAMILY = "1,2";
				TEST_HOST = "$(BUILT_PRODUCTS_DIR)/ZooGoApp.app/ZooGoApp";
			};
			name = Debug;
		};
		6E9097D1259DCA4700DFDFA4 /* Release */ = {
			isa = XCBuildConfiguration;
			baseConfigurationReference = C9EA11E0E2C130F386E92D7D /* Pods-ZooGoAppTests.release.xcconfig */;
			buildSettings = {
				ALWAYS_EMBED_SWIFT_STANDARD_LIBRARIES = YES;
				BUNDLE_LOADER = "$(TEST_HOST)";
				CODE_SIGN_STYLE = Automatic;
				INFOPLIST_FILE = ZooGoAppTests/Info.plist;
				IPHONEOS_DEPLOYMENT_TARGET = 14.3;
				LD_RUNPATH_SEARCH_PATHS = (
					"$(inherited)",
					"@executable_path/Frameworks",
					"@loader_path/Frameworks",
				);
				PRODUCT_BUNDLE_IDENTIFIER = com.shunta.ZooGoAppTests;
				PRODUCT_NAME = "$(TARGET_NAME)";
				SWIFT_VERSION = 5.0;
				TARGETED_DEVICE_FAMILY = "1,2";
				TEST_HOST = "$(BUILT_PRODUCTS_DIR)/ZooGoApp.app/ZooGoApp";
			};
			name = Release;
		};
		6E9097D3259DCA4700DFDFA4 /* Debug */ = {
			isa = XCBuildConfiguration;
			baseConfigurationReference = 93AE8A63A2E9C086DE1B2720 /* Pods-ZooGoApp-ZooGoAppUITests.debug.xcconfig */;
			buildSettings = {
				ALWAYS_EMBED_SWIFT_STANDARD_LIBRARIES = YES;
				CODE_SIGN_STYLE = Automatic;
				INFOPLIST_FILE = ZooGoAppUITests/Info.plist;
				LD_RUNPATH_SEARCH_PATHS = (
					"$(inherited)",
					"@executable_path/Frameworks",
					"@loader_path/Frameworks",
				);
				PRODUCT_BUNDLE_IDENTIFIER = com.shunta.ZooGoAppUITests;
				PRODUCT_NAME = "$(TARGET_NAME)";
				SWIFT_VERSION = 5.0;
				TARGETED_DEVICE_FAMILY = "1,2";
				TEST_TARGET_NAME = ZooGoApp;
			};
			name = Debug;
		};
		6E9097D4259DCA4700DFDFA4 /* Release */ = {
			isa = XCBuildConfiguration;
			baseConfigurationReference = 6EB0D8C892C4F7E29661CFAF /* Pods-ZooGoApp-ZooGoAppUITests.release.xcconfig */;
			buildSettings = {
				ALWAYS_EMBED_SWIFT_STANDARD_LIBRARIES = YES;
				CODE_SIGN_STYLE = Automatic;
				INFOPLIST_FILE = ZooGoAppUITests/Info.plist;
				LD_RUNPATH_SEARCH_PATHS = (
					"$(inherited)",
					"@executable_path/Frameworks",
					"@loader_path/Frameworks",
				);
				PRODUCT_BUNDLE_IDENTIFIER = com.shunta.ZooGoAppUITests;
				PRODUCT_NAME = "$(TARGET_NAME)";
				SWIFT_VERSION = 5.0;
				TARGETED_DEVICE_FAMILY = "1,2";
				TEST_TARGET_NAME = ZooGoApp;
			};
			name = Release;
		};
/* End XCBuildConfiguration section */

/* Begin XCConfigurationList section */
		6E90979D259DCA4600DFDFA4 /* Build configuration list for PBXProject "ZooGoApp" */ = {
			isa = XCConfigurationList;
			buildConfigurations = (
				6E9097CA259DCA4700DFDFA4 /* Debug */,
				6E9097CB259DCA4700DFDFA4 /* Release */,
			);
			defaultConfigurationIsVisible = 0;
			defaultConfigurationName = Release;
		};
		6E9097CC259DCA4700DFDFA4 /* Build configuration list for PBXNativeTarget "ZooGoApp" */ = {
			isa = XCConfigurationList;
			buildConfigurations = (
				6E9097CD259DCA4700DFDFA4 /* Debug */,
				6E9097CE259DCA4700DFDFA4 /* Release */,
			);
			defaultConfigurationIsVisible = 0;
			defaultConfigurationName = Release;
		};
		6E9097CF259DCA4700DFDFA4 /* Build configuration list for PBXNativeTarget "ZooGoAppTests" */ = {
			isa = XCConfigurationList;
			buildConfigurations = (
				6E9097D0259DCA4700DFDFA4 /* Debug */,
				6E9097D1259DCA4700DFDFA4 /* Release */,
			);
			defaultConfigurationIsVisible = 0;
			defaultConfigurationName = Release;
		};
		6E9097D2259DCA4700DFDFA4 /* Build configuration list for PBXNativeTarget "ZooGoAppUITests" */ = {
			isa = XCConfigurationList;
			buildConfigurations = (
				6E9097D3259DCA4700DFDFA4 /* Debug */,
				6E9097D4259DCA4700DFDFA4 /* Release */,
			);
			defaultConfigurationIsVisible = 0;
			defaultConfigurationName = Release;
		};
/* End XCConfigurationList section */
	};
	rootObject = 6E90979A259DCA4600DFDFA4 /* Project object */;
}
